
Microsoft Visual Studio Solution File, Format Version 12.00
# Visual Studio Version 16
VisualStudioVersion = 16.0.34407.143
MinimumVisualStudioVersion = 10.0.40219.1
Project("{FAE04EC0-301F-11D3-BF4B-00C04F79EFBC}") = "ESP_Mesh_creator", "ESP_Mesh_creator\ESP_Mesh_creator.csproj", "{EFC0D63C-3B0C-4AA7-9B10-172ED0ACC774}"
EndProject
Global
	GlobalSection(SolutionConfigurationPlatforms) = preSolution
		Debug|Any CPU = Debug|Any CPU
		Release|Any CPU = Release|Any CPU
	EndGlobalSection
	GlobalSection(ProjectConfigurationPlatforms) = postSolution
		{EFC0D63C-3B0C-4AA7-9B10-172ED0ACC774}.Debug|Any CPU.ActiveCfg = Debug|Any CPU
		{EFC0D63C-3B0C-4AA7-9B10-172ED0ACC774}.Debug|Any CPU.Build.0 = Debug|Any CPU
		{EFC0D63C-3B0C-4AA7-9B10-172ED0ACC774}.Release|Any CPU.ActiveCfg = Release|Any CPU
		{EFC0D63C-3B0C-4AA7-9B10-172ED0ACC774}.Release|Any CPU.Build.0 = Release|Any CPU
	EndGlobalSection
	GlobalSection(SolutionProperties) = preSolution
		HideSolutionNode = FALSE
	EndGlobalSection
	GlobalSection(ExtensibilityGlobals) = postSolution
		SolutionGuid = {AF9817D1-22DF-4A75-93DE-BAFA8046FDCE}
	EndGlobalSection
EndGlobal
